#MicroXplorer Configuration settings - do not modify
Mcu.Family=STM32WB
VP_USB_DEVICE_VS_USB_DEVICE_CUSTOM_HID_FS.Signal=USB_DEVICE_VS_USB_DEVICE_CUSTOM_HID_FS
ProjectManager.MainLocation=Src
PCC.Ble.Mode=NOT_SELECTED
USB_DEVICE.CLASS_NAME_FS=CUSTOM_HID
RCC.PLLQoutputFreq_Value=16000000
ProjectManager.ProjectFileName=SKnob.ioc
RCC.SMPSFreq_Value=4000000
RCC.SAI1Freq_Value=16000000
ProjectManager.KeepUserCode=true
Mcu.UserName=STM32WB55CCUx
PA10.Mode=Synchronous
Mcu.PinsNb=9
ProjectManager.NoMain=false
USB_DEVICE.VirtualModeFS=Custom_Hid_FS
RCC.PLLSAI1RoutputFreq_Value=16000000
USART1.VirtualMode-Synchronous=VM_SYNC
VP_USB_DEVICE_VS_USB_DEVICE_CUSTOM_HID_FS.Mode=CUSTOM_HID_FS
PA12.GPIOParameters=GPIO_Label
ProjectManager.functionlistsort=
PA11.GPIOParameters=GPIO_Label
PA11.Mode=Device
PA11.GPIO_Label=USB_N
ProjectManager.DefaultFWLocation=true
ProjectManager.DeletePrevious=true
RCC.HCLK2Freq_Value=4000000
USART1.IPParameters=VirtualMode-Synchronous
USB_DEVICE.IPParameters=VirtualMode,VirtualModeFS,CLASS_NAME_FS
PinOutPanel.RotationAngle=0
PA12.GPIO_Label=USB_P
RCC.FamilyName=M
ProjectManager.StackSize=0x400
Mcu.IP4=USART1
Mcu.IP5=USB
Mcu.IP2=RCC
NVIC.SVCall_IRQn=true\:0\:0\:false\:false\:true\:false\:false
Mcu.IP3=SYS
Mcu.IP0=I2C1
Mcu.IP1=NVIC
PA9.Mode=Synchronous
PA12.Signal=USB_DP
Mcu.UserConstants=
RCC.VCOSAI1OutputFreq_Value=32000000
ProjectManager.TargetToolchain=EWARM V8.32
Mcu.ThirdPartyNb=0
Mcu.IPNb=7
RCC.HCLKRFFreq_Value=16000000
ProjectManager.PreviousToolchain=
PB9.Mode=I2C
PCC.Ble.PowerLevel=Min
PA9.Signal=USART1_TX
Mcu.Pin6=PA12
Mcu.Pin7=VP_SYS_VS_Systick
Mcu.Pin8=VP_USB_DEVICE_VS_USB_DEVICE_CUSTOM_HID_FS
RCC.LSE_VALUE=32768
RCC.PLLSAI1PoutputFreq_Value=16000000
Mcu.Pin0=PB8
Mcu.Pin1=PB9
GPIO.groupedBy=
Mcu.Pin2=PA8
Mcu.Pin3=PA9
Mcu.Pin4=PA10
Mcu.Pin5=PA11
ProjectManager.ProjectBuild=false
RCC.HSE_VALUE=8000000
NVIC.UsageFault_IRQn=true\:0\:0\:false\:false\:true\:false\:false
NVIC.DebugMonitor_IRQn=true\:0\:0\:false\:false\:true\:false\:false
board=custom
RCC.VCOOutputFreq_Value=32000000
NVIC.SysTick_IRQn=true\:0\:0\:false\:false\:true\:false\:true
ProjectManager.LastFirmware=true
RCC.SMPS1Freq_Value=8000000
ProjectManager.FirmwarePackage=STM32Cube FW_WB V1.7.0
MxDb.Version=DB.5.0.60
ProjectManager.BackupPrevious=false
MxCube.Version=5.6.1
RCC.VCOInputFreq_Value=4000000
PCC.Ble.DataLength=6
RCC.RNGFreq_Value=32000
RCC.PLLSAI1QoutputFreq_Value=16000000
File.Version=6
VP_SYS_VS_Systick.Mode=SysTick
PA8.Signal=USART1_CK
NVIC.NonMaskableInt_IRQn=true\:0\:0\:false\:false\:true\:false\:false
RCC.PLLRCLKFreq_Value=16000000
NVIC.PendSV_IRQn=true\:0\:0\:false\:false\:true\:false\:false
ProjectManager.FreePins=false
RCC.IPParameters=APB3Freq_Value,FamilyName,HCLK2Freq_Value,HCLKRFFreq_Value,HSE_VALUE,HSI48_VALUE,HSI_VALUE,LSCOPinFreq_Value,LSE_VALUE,LSI_VALUE,PLLPoutputFreq_Value,PLLQoutputFreq_Value,PLLRCLKFreq_Value,PLLSAI1PoutputFreq_Value,PLLSAI1QoutputFreq_Value,PLLSAI1RoutputFreq_Value,RNGFreq_Value,SAI1Freq_Value,SMPS1Freq_Value,SMPSFreq_Value,VCOInputFreq_Value,VCOOutputFreq_Value,VCOSAI1OutputFreq_Value
ProjectManager.AskForMigrate=true
Mcu.Name=STM32WB55CCUx
ProjectManager.HalAssertFull=false
ProjectManager.ProjectName=SKnob
ProjectManager.UnderRoot=false
RCC.APB3Freq_Value=16000000
Mcu.IP6=USB_DEVICE
ProjectManager.CoupleFile=false
PB9.Signal=I2C1_SDA
Mcu.Package=UFQFPN48
PA12.Mode=Device
PCC.Ble.ConnectionInterval=1000.0
NVIC.ForceEnableDMAVector=true
KeepUserPlacement=false
NVIC.MemoryManagement_IRQn=true\:0\:0\:false\:false\:true\:false\:false
ProjectManager.CompilerOptimize=6
ProjectManager.ToolChainLocation=
RCC.LSI_VALUE=32000
VP_SYS_VS_Systick.Signal=SYS_VS_Systick
PA11.Signal=USB_DM
RCC.LSCOPinFreq_Value=32000
PA10.Signal=USART1_RX
ProjectManager.HeapSize=0x200
NVIC.HardFault_IRQn=true\:0\:0\:false\:false\:true\:false\:false
NVIC.USB_LP_IRQn=true\:0\:0\:false\:false\:true\:false\:true
ProjectManager.ComputerToolchain=false
RCC.HSI_VALUE=16000000
NVIC.PriorityGroup=NVIC_PRIORITYGROUP_4
PB8.Mode=I2C
RCC.PLLPoutputFreq_Value=16000000
PB8.Signal=I2C1_SCL
NVIC.BusFault_IRQn=true\:0\:0\:false\:false\:true\:false\:false
PA8.Mode=Synchronous
USB_DEVICE.VirtualMode=CustomHid
ProjectManager.CustomerFirmwarePackage=
ProjectManager.DeviceId=STM32WB55CCUx
ProjectManager.LibraryCopy=0
RCC.HSI48_VALUE=48000000
